{
  "name": "rootpermit-service-workspace",
  "version": "0.1.0",
  "lockfileVersion": 3,
  "requires": true,
  "packages": {
    "": {
      "name": "rootpermit-service-workspace",
      "version": "0.1.0",
      "workspaces": [
        "service/*"
      ],
      "engines": {
        "node": "24.14.0"
      }
    },
    "node_modules/@rootpermit/service-api": {
      "resolved": "service/api",
      "link": true
    },
    "service/api": {
      "name": "@rootpermit/service-api",
      "version": "0.1.0"
    }
  }
}
